
Microsoft Visual Studio Solution File, Format Version 12.00
# Visual Studio Version 17
VisualStudioVersion = 17.13.35931.197
MinimumVisualStudioVersion = 10.0.40219.1
Project("{FAE04EC0-301F-11D3-BF4B-00C04F79EFBC}") = "DockerCosmosDB.Backend", "DockerCosmosDB.Backend\DockerCosmosDB.Backend.csproj", "{D127EB44-682F-49D5-9613-66D50226F58E}"
EndProject
Project("{FAE04EC0-301F-11D3-BF4B-00C04F79EFBC}") = "DockerCosmosDB.Frontend", "DockerCosmosDB.Frontend\DockerCosmosDB.Frontend.csproj", "{1DC09639-A58C-4F99-81E0-3FC0A42EC150}"
EndProject
Project("{E53339B2-1760-4266-BCC7-CA923CBCF16C}") = "docker-compose", "docker-compose.dcproj", "{81DDED9D-158B-E303-5F62-77A2896D2A5A}"
EndProject
Project("{2150E333-8FDC-42A3-9474-1A3956D46DE8}") = "Solution Items", "Solution Items", "{8EC462FD-D22E-90A8-E5CE-7E832BA40C5D}"
	ProjectSection(SolutionItems) = preProject
		Requests.http = Requests.http
	EndProjectSection
EndProject
Global
	GlobalSection(SolutionConfigurationPlatforms) = preSolution
		Debug|Any CPU = Debug|Any CPU
		Release|Any CPU = Release|Any CPU
	EndGlobalSection
	GlobalSection(ProjectConfigurationPlatforms) = postSolution
		{D127EB44-682F-49D5-9613-66D50226F58E}.Debug|Any CPU.ActiveCfg = Debug|Any CPU
		{D127EB44-682F-49D5-9613-66D50226F58E}.Debug|Any CPU.Build.0 = Debug|Any CPU
		{D127EB44-682F-49D5-9613-66D50226F58E}.Release|Any CPU.ActiveCfg = Release|Any CPU
		{D127EB44-682F-49D5-9613-66D50226F58E}.Release|Any CPU.Build.0 = Release|Any CPU
		{1DC09639-A58C-4F99-81E0-3FC0A42EC150}.Debug|Any CPU.ActiveCfg = Debug|Any CPU
		{1DC09639-A58C-4F99-81E0-3FC0A42EC150}.Debug|Any CPU.Build.0 = Debug|Any CPU
		{1DC09639-A58C-4F99-81E0-3FC0A42EC150}.Release|Any CPU.ActiveCfg = Release|Any CPU
		{1DC09639-A58C-4F99-81E0-3FC0A42EC150}.Release|Any CPU.Build.0 = Release|Any CPU
		{81DDED9D-158B-E303-5F62-77A2896D2A5A}.Debug|Any CPU.ActiveCfg = Debug|Any CPU
		{81DDED9D-158B-E303-5F62-77A2896D2A5A}.Debug|Any CPU.Build.0 = Debug|Any CPU
		{81DDED9D-158B-E303-5F62-77A2896D2A5A}.Release|Any CPU.ActiveCfg = Release|Any CPU
		{81DDED9D-158B-E303-5F62-77A2896D2A5A}.Release|Any CPU.Build.0 = Release|Any CPU
	EndGlobalSection
	GlobalSection(SolutionProperties) = preSolution
		HideSolutionNode = FALSE
	EndGlobalSection
	GlobalSection(ExtensibilityGlobals) = postSolution
		SolutionGuid = {80E0A81D-B342-4F58-A635-485E963027EE}
	EndGlobalSection
EndGlobal
